<?xml version="1.0" encoding="utf-8"?>
<Project ToolsVersion="4.0" xmlns="http://schemas.microsoft.com/developer/msbuild/2003">
  <ItemGroup>
    <Filter Include="Source Files">
      <UniqueIdentifier>{4FC737F1-C7A5-4376-A066-2A32D752A2FF}</UniqueIdentifier>
      <Extensions>cpp;c;cc;cxx;c++;cppm;ixx;def;odl;idl;hpj;bat;asm;asmx</Extensions>
    </Filter>
    <Filter Include="Header Files">
      <UniqueIdentifier>{93995380-89BD-4b04-88EB-625FBE52EBFB}</UniqueIdentifier>
      <Extensions>h;hh;hpp;hxx;h++;hm;inl;inc;ipp;xsd</Extensions>
    </Filter>
    <Filter Include="Resource Files">
      <UniqueIdentifier>{67DA6AB6-F800-4c08-8B7A-83BB121AAD01}</UniqueIdentifier>
      <Extensions>rc;ico;cur;bmp;dlg;rc2;rct;bin;rgs;gif;jpg;jpeg;jpe;resx;tiff;tif;png;wav;mfcribbon-ms</Extensions>
    </Filter>
  </ItemGroup>
  <ItemGroup>
    <ClCompile Include="main.cpp">
      <Filter>Source Files</Filter>
    </ClCompile>
    <ClCompile Include="src\types.cpp">
      <Filter>Source Files</Filter>
    </ClCompile>
    <ClCompile Include="server\linux-server\src\call_cuda_code.cpp">
      <Filter>Source Files</Filter>
    </ClCompile>
    <ClCompile Include="server\windows-client\src\client.cpp">
      <Filter>Source Files</Filter>
    </ClCompile>
    <ClCompile Include="server\windows-client\src\serialization.cpp">
      <Filter>Source Files</Filter>
    </ClCompile>
    <ClCompile Include="headers\Visualisation_Headers\helpingFunctions.hpp">
      <Filter>Source Files</Filter>
    </ClCompile>
    <ClCompile Include="src\utils\Input.cpp">
      <Filter>Source Files</Filter>
    </ClCompile>
    <ClCompile Include="src\utils\Extras.cpp">
      <Filter>Source Files</Filter>
    </ClCompile>
    <ClCompile Include="src\Visualization_Core\HelphinFunctions.cpp">
      <Filter>Source Files</Filter>
    </ClCompile>
    <ClCompile Include="src\Visualization_Core\osm.cpp">
      <Filter>Source Files</Filter>
    </ClCompile>
    <ClCompile Include="src\Visualization_Core\Render.cpp">
      <Filter>Source Files</Filter>
    </ClCompile>
    <ClCompile Include="src\Visualization_Core\Structures.cpp">
      <Filter>Source Files</Filter>
    </ClCompile>
    <ClCompile Include="src\Visualization_Core\imgui.cpp">
      <Filter>Source Files</Filter>
    </ClCompile>
    <ClCompile Include="src\Simulation_Core\idm.cpp">
      <Filter>Source Files</Filter>
    </ClCompile>
    <ClCompile Include="src\Visualization_Core\Scene.cpp">
      <Filter>Source Files</Filter>
    </ClCompile>
  </ItemGroup>
  <ItemGroup>
    <ClInclude Include="headers\types.hpp">
      <Filter>Header Files</Filter>
    </ClInclude>
    <ClInclude Include="server\commonFile.hpp">
      <Filter>Header Files</Filter>
    </ClInclude>
    <ClInclude Include="headers\Visualisation_Headers\camera.hpp">
      <Filter>Header Files</Filter>
    </ClInclude>
    <ClInclude Include="headers\CUDA_LinuxHeader.hpp">
      <Filter>Header Files</Filter>
    </ClInclude>
    <ClInclude Include="headers\Visualisation_Headers\editor.hpp">
      <Filter>Header Files</Filter>
    </ClInclude>
    <ClInclude Include="headers\Visualisation_Headers\Ground.hpp">
      <Filter>Header Files</Filter>
    </ClInclude>
    <ClInclude Include="headers\Visualisation_Headers\Inputs.hpp">
      <Filter>Header Files</Filter>
    </ClInclude>
    <ClInclude Include="headers\libs.hpp">
      <Filter>Header Files</Filter>
    </ClInclude>
    <ClInclude Include="headers\Visualisation_Headers\mesh.hpp">
      <Filter>Header Files</Filter>
    </ClInclude>
    <ClInclude Include="headers\Visualisation_Headers\model.hpp">
      <Filter>Header Files</Filter>
    </ClInclude>
    <ClInclude Include="headers\Visualisation_Headers\Movements.hpp">
      <Filter>Header Files</Filter>
    </ClInclude>
    <ClInclude Include="headers\Visualisation_Headers\renderData.hpp">
      <Filter>Header Files</Filter>
    </ClInclude>
    <ClInclude Include="headers\Visualisation_Headers\roadStructure.hpp">
      <Filter>Header Files</Filter>
    </ClInclude>
    <ClInclude Include="headers\ServerHeaders\server.hpp">
      <Filter>Header Files</Filter>
    </ClInclude>
    <ClInclude Include="headers\Visualisation_Headers\shaders.hpp">
      <Filter>Header Files</Filter>
    </ClInclude>
    <ClInclude Include="headers\stb_image.h">
      <Filter>Header Files</Filter>
    </ClInclude>
    <ClInclude Include="headers\Visualisation_Headers\Texture.hpp">
      <Filter>Header Files</Filter>
    </ClInclude>
    <ClInclude Include="headers\Visualisation_Headers\osm.hpp">
      <Filter>Header Files</Filter>
    </ClInclude>
    <ClInclude Include="headers\Visualisation_Headers\imgui.hpp">
      <Filter>Header Files</Filter>
    </ClInclude>
    <ClInclude Include="headers\CUDA_SimulationHeaders\idm.hpp">
      <Filter>Header Files</Filter>
    </ClInclude>
  </ItemGroup>
  <ItemGroup>
    <None Include="src\map.osm" />
    <None Include="assets\shaders\camera_shader.frag" />
    <None Include="assets\shaders\camera_shader.vert" />
    <None Include="assets\shaders\f_shader.frag" />
    <None Include="assets\shaders\Ground.frag" />
    <None Include="assets\shaders\Ground.vert" />
    <None Include="assets\shaders\main.frag" />
    <None Include="assets\shaders\main.vert" />
    <None Include="assets\shaders\model.frag" />
    <None Include="assets\shaders\model.vert" />
    <None Include="assets\shaders\v_shader.vert" />
  </ItemGroup>
</Project>